
Microsoft Visual Studio Solution File, Format Version 12.00
# Visual Studio Version 17
VisualStudioVersion = 17.12.35209.166
MinimumVisualStudioVersion = 10.0.40219.1
Project("{FAE04EC0-301F-11D3-BF4B-00C04F79EFBC}") = "onlineShopping", "onlineShopping\onlineShopping.csproj", "{61AC632B-C18F-4276-87E0-DDE2E50612EA}"
EndProject
Project("{FAE04EC0-301F-11D3-BF4B-00C04F79EFBC}") = "Data", "Data\Data.csproj", "{28553258-FB47-4E6B-A532-BC898B398911}"
EndProject
Global
	GlobalSection(SolutionConfigurationPlatforms) = preSolution
		Debug|Any CPU = Debug|Any CPU
		Release|Any CPU = Release|Any CPU
	EndGlobalSection
	GlobalSection(ProjectConfigurationPlatforms) = postSolution
		{61AC632B-C18F-4276-87E0-DDE2E50612EA}.Debug|Any CPU.ActiveCfg = Debug|Any CPU
		{61AC632B-C18F-4276-87E0-DDE2E50612EA}.Debug|Any CPU.Build.0 = Debug|Any CPU
		{61AC632B-C18F-4276-87E0-DDE2E50612EA}.Release|Any CPU.ActiveCfg = Release|Any CPU
		{61AC632B-C18F-4276-87E0-DDE2E50612EA}.Release|Any CPU.Build.0 = Release|Any CPU
		{28553258-FB47-4E6B-A532-BC898B398911}.Debug|Any CPU.ActiveCfg = Debug|Any CPU
		{28553258-FB47-4E6B-A532-BC898B398911}.Debug|Any CPU.Build.0 = Debug|Any CPU
		{28553258-FB47-4E6B-A532-BC898B398911}.Release|Any CPU.ActiveCfg = Release|Any CPU
		{28553258-FB47-4E6B-A532-BC898B398911}.Release|Any CPU.Build.0 = Release|Any CPU
	EndGlobalSection
	GlobalSection(SolutionProperties) = preSolution
		HideSolutionNode = FALSE
	EndGlobalSection
	GlobalSection(ExtensibilityGlobals) = postSolution
		SolutionGuid = {2D5C689B-5D97-4A10-A879-111AA8EE41C7}
	EndGlobalSection
EndGlobal
